
Microsoft Visual Studio Solution File, Format Version 12.00
# Visual Studio 14
VisualStudioVersion = 14.0.24720.0
MinimumVisualStudioVersion = 10.0.40219.1
Project("{FAE04EC0-301F-11D3-BF4B-00C04F79EFBC}") = "High10.Droid", "High10\High10.Droid\High10.Droid.csproj", "{3BB98283-26A1-4033-9543-75B034EE9276}"
EndProject
Project("{FAE04EC0-301F-11D3-BF4B-00C04F79EFBC}") = "High10.iOS", "High10\High10.iOS\High10.iOS.csproj", "{BCEBFD9B-54E6-4261-8ED9-68156A6D7CF9}"
EndProject
Project("{FAE04EC0-301F-11D3-BF4B-00C04F79EFBC}") = "High10.WinPhone", "High10\High10.WinPhone\High10.WinPhone.csproj", "{472EF585-9558-4BF1-A12B-7456247F2196}"
EndProject
Project("{FAE04EC0-301F-11D3-BF4B-00C04F79EFBC}") = "High10.UWP", "High10\High10.UWP\High10.UWP.csproj", "{5D97F332-AC1D-423F-A9E9-DE0AC3F45F4C}"
EndProject
Project("{FAE04EC0-301F-11D3-BF4B-00C04F79EFBC}") = "High10.Windows", "High10\High10.Windows\High10.Windows.csproj", "{16BD15A0-BA53-4689-9652-4F8E12178855}"
EndProject
Project("{FAE04EC0-301F-11D3-BF4B-00C04F79EFBC}") = "High10", "High10\High10\High10.csproj", "{835B7FF9-43FB-401C-8C68-4D6449F19562}"
EndProject
Global
	GlobalSection(SolutionConfigurationPlatforms) = preSolution
		Ad-Hoc|Any CPU = Ad-Hoc|Any CPU
		Ad-Hoc|ARM = Ad-Hoc|ARM
		Ad-Hoc|iPhone = Ad-Hoc|iPhone
		Ad-Hoc|iPhoneSimulator = Ad-Hoc|iPhoneSimulator
		Ad-Hoc|x64 = Ad-Hoc|x64
		Ad-Hoc|x86 = Ad-Hoc|x86
		AppStore|Any CPU = AppStore|Any CPU
		AppStore|ARM = AppStore|ARM
		AppStore|iPhone = AppStore|iPhone
		AppStore|iPhoneSimulator = AppStore|iPhoneSimulator
		AppStore|x64 = AppStore|x64
		AppStore|x86 = AppStore|x86
		Debug|Any CPU = Debug|Any CPU
		Debug|ARM = Debug|ARM
		Debug|iPhone = Debug|iPhone
		Debug|iPhoneSimulator = Debug|iPhoneSimulator
		Debug|x64 = Debug|x64
		Debug|x86 = Debug|x86
		Release|Any CPU = Release|Any CPU
		Release|ARM = Release|ARM
		Release|iPhone = Release|iPhone
		Release|iPhoneSimulator = Release|iPhoneSimulator
		Release|x64 = Release|x64
		Release|x86 = Release|x86
	EndGlobalSection
	GlobalSection(ProjectConfigurationPlatforms) = postSolution
		{3BB98283-26A1-4033-9543-75B034EE9276}.Ad-Hoc|Any CPU.ActiveCfg = Release|Any CPU
		{3BB98283-26A1-4033-9543-75B034EE9276}.Ad-Hoc|Any CPU.Build.0 = Release|Any CPU
		{3BB98283-26A1-4033-9543-75B034EE9276}.Ad-Hoc|Any CPU.Deploy.0 = Release|Any CPU
		{3BB98283-26A1-4033-9543-75B034EE9276}.Ad-Hoc|ARM.ActiveCfg = Release|Any CPU
		{3BB98283-26A1-4033-9543-75B034EE9276}.Ad-Hoc|ARM.Build.0 = Release|Any CPU
		{3BB98283-26A1-4033-9543-75B034EE9276}.Ad-Hoc|ARM.Deploy.0 = Release|Any CPU
		{3BB98283-26A1-4033-9543-75B034EE9276}.Ad-Hoc|iPhone.ActiveCfg = Release|Any CPU
		{3BB98283-26A1-4033-9543-75B034EE9276}.Ad-Hoc|iPhone.Build.0 = Release|Any CPU
		{3BB98283-26A1-4033-9543-75B034EE9276}.Ad-Hoc|iPhone.Deploy.0 = Release|Any CPU
		{3BB98283-26A1-4033-9543-75B034EE9276}.Ad-Hoc|iPhoneSimulator.ActiveCfg = Release|Any CPU
		{3BB98283-26A1-4033-9543-75B034EE9276}.Ad-Hoc|iPhoneSimulator.Build.0 = Release|Any CPU
		{3BB98283-26A1-4033-9543-75B034EE9276}.Ad-Hoc|iPhoneSimulator.Deploy.0 = Release|Any CPU
		{3BB98283-26A1-4033-9543-75B034EE9276}.Ad-Hoc|x64.ActiveCfg = Release|Any CPU
		{3BB98283-26A1-4033-9543-75B034EE9276}.Ad-Hoc|x64.Build.0 = Release|Any CPU
		{3BB98283-26A1-4033-9543-75B034EE9276}.Ad-Hoc|x64.Deploy.0 = Release|Any CPU
		{3BB98283-26A1-4033-9543-75B034EE9276}.Ad-Hoc|x86.ActiveCfg = Release|Any CPU
		{3BB98283-26A1-4033-9543-75B034EE9276}.Ad-Hoc|x86.Build.0 = Release|Any CPU
		{3BB98283-26A1-4033-9543-75B034EE9276}.Ad-Hoc|x86.Deploy.0 = Release|Any CPU
		{3BB98283-26A1-4033-9543-75B034EE9276}.AppStore|Any CPU.ActiveCfg = Release|Any CPU
		{3BB98283-26A1-4033-9543-75B034EE9276}.AppStore|Any CPU.Build.0 = Release|Any CPU
		{3BB98283-26A1-4033-9543-75B034EE9276}.AppStore|Any CPU.Deploy.0 = Release|Any CPU
		{3BB98283-26A1-4033-9543-75B034EE9276}.AppStore|ARM.ActiveCfg = Release|Any CPU
		{3BB98283-26A1-4033-9543-75B034EE9276}.AppStore|ARM.Build.0 = Release|Any CPU
		{3BB98283-26A1-4033-9543-75B034EE9276}.AppStore|ARM.Deploy.0 = Release|Any CPU
		{3BB98283-26A1-4033-9543-75B034EE9276}.AppStore|iPhone.ActiveCfg = Release|Any CPU
		{3BB98283-26A1-4033-9543-75B034EE9276}.AppStore|iPhone.Build.0 = Release|Any CPU
		{3BB98283-26A1-4033-9543-75B034EE9276}.AppStore|iPhone.Deploy.0 = Release|Any CPU
		{3BB98283-26A1-4033-9543-75B034EE9276}.AppStore|iPhoneSimulator.ActiveCfg = Release|Any CPU
		{3BB98283-26A1-4033-9543-75B034EE9276}.AppStore|iPhoneSimulator.Build.0 = Release|Any CPU
		{3BB98283-26A1-4033-9543-75B034EE9276}.AppStore|iPhoneSimulator.Deploy.0 = Release|Any CPU
		{3BB98283-26A1-4033-9543-75B034EE9276}.AppStore|x64.ActiveCfg = Release|Any CPU
		{3BB98283-26A1-4033-9543-75B034EE9276}.AppStore|x64.Build.0 = Release|Any CPU
		{3BB98283-26A1-4033-9543-75B034EE9276}.AppStore|x64.Deploy.0 = Release|Any CPU
		{3BB98283-26A1-4033-9543-75B034EE9276}.AppStore|x86.ActiveCfg = Release|Any CPU
		{3BB98283-26A1-4033-9543-75B034EE9276}.AppStore|x86.Build.0 = Release|Any CPU
		{3BB98283-26A1-4033-9543-75B034EE9276}.AppStore|x86.Deploy.0 = Release|Any CPU
		{3BB98283-26A1-4033-9543-75B034EE9276}.Debug|Any CPU.ActiveCfg = Debug|Any CPU
		{3BB98283-26A1-4033-9543-75B034EE9276}.Debug|Any CPU.Build.0 = Debug|Any CPU
		{3BB98283-26A1-4033-9543-75B034EE9276}.Debug|Any CPU.Deploy.0 = Debug|Any CPU
		{3BB98283-26A1-4033-9543-75B034EE9276}.Debug|ARM.ActiveCfg = Debug|Any CPU
		{3BB98283-26A1-4033-9543-75B034EE9276}.Debug|ARM.Build.0 = Debug|Any CPU
		{3BB98283-26A1-4033-9543-75B034EE9276}.Debug|ARM.Deploy.0 = Debug|Any CPU
		{3BB98283-26A1-4033-9543-75B034EE9276}.Debug|iPhone.ActiveCfg = Debug|Any CPU
		{3BB98283-26A1-4033-9543-75B034EE9276}.Debug|iPhone.Build.0 = Debug|Any CPU
		{3BB98283-26A1-4033-9543-75B034EE9276}.Debug|iPhone.Deploy.0 = Debug|Any CPU
		{3BB98283-26A1-4033-9543-75B034EE9276}.Debug|iPhoneSimulator.ActiveCfg = Debug|Any CPU
		{3BB98283-26A1-4033-9543-75B034EE9276}.Debug|iPhoneSimulator.Build.0 = Debug|Any CPU
		{3BB98283-26A1-4033-9543-75B034EE9276}.Debug|iPhoneSimulator.Deploy.0 = Debug|Any CPU
		{3BB98283-26A1-4033-9543-75B034EE9276}.Debug|x64.ActiveCfg = Debug|Any CPU
		{3BB98283-26A1-4033-9543-75B034EE9276}.Debug|x64.Build.0 = Debug|Any CPU
		{3BB98283-26A1-4033-9543-75B034EE9276}.Debug|x64.Deploy.0 = Debug|Any CPU
		{3BB98283-26A1-4033-9543-75B034EE9276}.Debug|x86.ActiveCfg = Debug|Any CPU
		{3BB98283-26A1-4033-9543-75B034EE9276}.Debug|x86.Build.0 = Debug|Any CPU
		{3BB98283-26A1-4033-9543-75B034EE9276}.Debug|x86.Deploy.0 = Debug|Any CPU
		{3BB98283-26A1-4033-9543-75B034EE9276}.Release|Any CPU.ActiveCfg = Release|Any CPU
		{3BB98283-26A1-4033-9543-75B034EE9276}.Release|Any CPU.Build.0 = Release|Any CPU
		{3BB98283-26A1-4033-9543-75B034EE9276}.Release|Any CPU.Deploy.0 = Release|Any CPU
		{3BB98283-26A1-4033-9543-75B034EE9276}.Release|ARM.ActiveCfg = Release|Any CPU
		{3BB98283-26A1-4033-9543-75B034EE9276}.Release|ARM.Build.0 = Release|Any CPU
		{3BB98283-26A1-4033-9543-75B034EE9276}.Release|ARM.Deploy.0 = Release|Any CPU
		{3BB98283-26A1-4033-9543-75B034EE9276}.Release|iPhone.ActiveCfg = Release|Any CPU
		{3BB98283-26A1-4033-9543-75B034EE9276}.Release|iPhone.Build.0 = Release|Any CPU
		{3BB98283-26A1-4033-9543-75B034EE9276}.Release|iPhone.Deploy.0 = Release|Any CPU
		{3BB98283-26A1-4033-9543-75B034EE9276}.Release|iPhoneSimulator.ActiveCfg = Release|Any CPU
		{3BB98283-26A1-4033-9543-75B034EE9276}.Release|iPhoneSimulator.Build.0 = Release|Any CPU
		{3BB98283-26A1-4033-9543-75B034EE9276}.Release|iPhoneSimulator.Deploy.0 = Release|Any CPU
		{3BB98283-26A1-4033-9543-75B034EE9276}.Release|x64.ActiveCfg = Release|Any CPU
		{3BB98283-26A1-4033-9543-75B034EE9276}.Release|x64.Build.0 = Release|Any CPU
		{3BB98283-26A1-4033-9543-75B034EE9276}.Release|x64.Deploy.0 = Release|Any CPU
		{3BB98283-26A1-4033-9543-75B034EE9276}.Release|x86.ActiveCfg = Release|Any CPU
		{3BB98283-26A1-4033-9543-75B034EE9276}.Release|x86.Build.0 = Release|Any CPU
		{3BB98283-26A1-4033-9543-75B034EE9276}.Release|x86.Deploy.0 = Release|Any CPU
		{BCEBFD9B-54E6-4261-8ED9-68156A6D7CF9}.Ad-Hoc|Any CPU.ActiveCfg = Ad-Hoc|iPhone
		{BCEBFD9B-54E6-4261-8ED9-68156A6D7CF9}.Ad-Hoc|ARM.ActiveCfg = Ad-Hoc|iPhone
		{BCEBFD9B-54E6-4261-8ED9-68156A6D7CF9}.Ad-Hoc|iPhone.ActiveCfg = Ad-Hoc|iPhone
		{BCEBFD9B-54E6-4261-8ED9-68156A6D7CF9}.Ad-Hoc|iPhone.Build.0 = Ad-Hoc|iPhone
		{BCEBFD9B-54E6-4261-8ED9-68156A6D7CF9}.Ad-Hoc|iPhoneSimulator.ActiveCfg = Ad-Hoc|iPhoneSimulator
		{BCEBFD9B-54E6-4261-8ED9-68156A6D7CF9}.Ad-Hoc|iPhoneSimulator.Build.0 = Ad-Hoc|iPhoneSimulator
		{BCEBFD9B-54E6-4261-8ED9-68156A6D7CF9}.Ad-Hoc|x64.ActiveCfg = Ad-Hoc|iPhone
		{BCEBFD9B-54E6-4261-8ED9-68156A6D7CF9}.Ad-Hoc|x86.ActiveCfg = Ad-Hoc|iPhone
		{BCEBFD9B-54E6-4261-8ED9-68156A6D7CF9}.AppStore|Any CPU.ActiveCfg = AppStore|iPhone
		{BCEBFD9B-54E6-4261-8ED9-68156A6D7CF9}.AppStore|ARM.ActiveCfg = AppStore|iPhone
		{BCEBFD9B-54E6-4261-8ED9-68156A6D7CF9}.AppStore|iPhone.ActiveCfg = AppStore|iPhone
		{BCEBFD9B-54E6-4261-8ED9-68156A6D7CF9}.AppStore|iPhone.Build.0 = AppStore|iPhone
		{BCEBFD9B-54E6-4261-8ED9-68156A6D7CF9}.AppStore|iPhoneSimulator.ActiveCfg = AppStore|iPhoneSimulator
		{BCEBFD9B-54E6-4261-8ED9-68156A6D7CF9}.AppStore|iPhoneSimulator.Build.0 = AppStore|iPhoneSimulator
		{BCEBFD9B-54E6-4261-8ED9-68156A6D7CF9}.AppStore|x64.ActiveCfg = AppStore|iPhone
		{BCEBFD9B-54E6-4261-8ED9-68156A6D7CF9}.AppStore|x86.ActiveCfg = AppStore|iPhone
		{BCEBFD9B-54E6-4261-8ED9-68156A6D7CF9}.Debug|Any CPU.ActiveCfg = Debug|iPhone
		{BCEBFD9B-54E6-4261-8ED9-68156A6D7CF9}.Debug|ARM.ActiveCfg = Debug|iPhone
		{BCEBFD9B-54E6-4261-8ED9-68156A6D7CF9}.Debug|iPhone.ActiveCfg = Debug|iPhone
		{BCEBFD9B-54E6-4261-8ED9-68156A6D7CF9}.Debug|iPhone.Build.0 = Debug|iPhone
		{BCEBFD9B-54E6-4261-8ED9-68156A6D7CF9}.Debug|iPhoneSimulator.ActiveCfg = Debug|iPhoneSimulator
		{BCEBFD9B-54E6-4261-8ED9-68156A6D7CF9}.Debug|iPhoneSimulator.Build.0 = Debug|iPhoneSimulator
		{BCEBFD9B-54E6-4261-8ED9-68156A6D7CF9}.Debug|x64.ActiveCfg = Debug|iPhone
		{BCEBFD9B-54E6-4261-8ED9-68156A6D7CF9}.Debug|x86.ActiveCfg = Debug|iPhone
		{BCEBFD9B-54E6-4261-8ED9-68156A6D7CF9}.Release|Any CPU.ActiveCfg = Release|iPhone
		{BCEBFD9B-54E6-4261-8ED9-68156A6D7CF9}.Release|ARM.ActiveCfg = Release|iPhone
		{BCEBFD9B-54E6-4261-8ED9-68156A6D7CF9}.Release|iPhone.ActiveCfg = Release|iPhone
		{BCEBFD9B-54E6-4261-8ED9-68156A6D7CF9}.Release|iPhone.Build.0 = Release|iPhone
		{BCEBFD9B-54E6-4261-8ED9-68156A6D7CF9}.Release|iPhoneSimulator.ActiveCfg = Release|iPhoneSimulator
		{BCEBFD9B-54E6-4261-8ED9-68156A6D7CF9}.Release|iPhoneSimulator.Build.0 = Release|iPhoneSimulator
		{BCEBFD9B-54E6-4261-8ED9-68156A6D7CF9}.Release|x64.ActiveCfg = Release|iPhone
		{BCEBFD9B-54E6-4261-8ED9-68156A6D7CF9}.Release|x86.ActiveCfg = Release|iPhone
		{472EF585-9558-4BF1-A12B-7456247F2196}.Ad-Hoc|Any CPU.ActiveCfg = Release|Any CPU
		{472EF585-9558-4BF1-A12B-7456247F2196}.Ad-Hoc|Any CPU.Build.0 = Release|Any CPU
		{472EF585-9558-4BF1-A12B-7456247F2196}.Ad-Hoc|Any CPU.Deploy.0 = Release|Any CPU
		{472EF585-9558-4BF1-A12B-7456247F2196}.Ad-Hoc|ARM.ActiveCfg = Release|ARM
		{472EF585-9558-4BF1-A12B-7456247F2196}.Ad-Hoc|ARM.Build.0 = Release|ARM
		{472EF585-9558-4BF1-A12B-7456247F2196}.Ad-Hoc|ARM.Deploy.0 = Release|ARM
		{472EF585-9558-4BF1-A12B-7456247F2196}.Ad-Hoc|iPhone.ActiveCfg = Release|Any CPU
		{472EF585-9558-4BF1-A12B-7456247F2196}.Ad-Hoc|iPhone.Build.0 = Release|Any CPU
		{472EF585-9558-4BF1-A12B-7456247F2196}.Ad-Hoc|iPhone.Deploy.0 = Release|Any CPU
		{472EF585-9558-4BF1-A12B-7456247F2196}.Ad-Hoc|iPhoneSimulator.ActiveCfg = Release|Any CPU
		{472EF585-9558-4BF1-A12B-7456247F2196}.Ad-Hoc|iPhoneSimulator.Build.0 = Release|Any CPU
		{472EF585-9558-4BF1-A12B-7456247F2196}.Ad-Hoc|iPhoneSimulator.Deploy.0 = Release|Any CPU
		{472EF585-9558-4BF1-A12B-7456247F2196}.Ad-Hoc|x64.ActiveCfg = Release|Any CPU
		{472EF585-9558-4BF1-A12B-7456247F2196}.Ad-Hoc|x64.Build.0 = Release|Any CPU
		{472EF585-9558-4BF1-A12B-7456247F2196}.Ad-Hoc|x64.Deploy.0 = Release|Any CPU
		{472EF585-9558-4BF1-A12B-7456247F2196}.Ad-Hoc|x86.ActiveCfg = Release|x86
		{472EF585-9558-4BF1-A12B-7456247F2196}.Ad-Hoc|x86.Build.0 = Release|x86
		{472EF585-9558-4BF1-A12B-7456247F2196}.Ad-Hoc|x86.Deploy.0 = Release|x86
		{472EF585-9558-4BF1-A12B-7456247F2196}.AppStore|Any CPU.ActiveCfg = Release|Any CPU
		{472EF585-9558-4BF1-A12B-7456247F2196}.AppStore|Any CPU.Build.0 = Release|Any CPU
		{472EF585-9558-4BF1-A12B-7456247F2196}.AppStore|Any CPU.Deploy.0 = Release|Any CPU
		{472EF585-9558-4BF1-A12B-7456247F2196}.AppStore|ARM.ActiveCfg = Release|ARM
		{472EF585-9558-4BF1-A12B-7456247F2196}.AppStore|ARM.Build.0 = Release|ARM
		{472EF585-9558-4BF1-A12B-7456247F2196}.AppStore|ARM.Deploy.0 = Release|ARM
		{472EF585-9558-4BF1-A12B-7456247F2196}.AppStore|iPhone.ActiveCfg = Release|Any CPU
		{472EF585-9558-4BF1-A12B-7456247F2196}.AppStore|iPhone.Build.0 = Release|Any CPU
		{472EF585-9558-4BF1-A12B-7456247F2196}.AppStore|iPhone.Deploy.0 = Release|Any CPU
		{472EF585-9558-4BF1-A12B-7456247F2196}.AppStore|iPhoneSimulator.ActiveCfg = Release|Any CPU
		{472EF585-9558-4BF1-A12B-7456247F2196}.AppStore|iPhoneSimulator.Build.0 = Release|Any CPU
		{472EF585-9558-4BF1-A12B-7456247F2196}.AppStore|iPhoneSimulator.Deploy.0 = Release|Any CPU
		{472EF585-9558-4BF1-A12B-7456247F2196}.AppStore|x64.ActiveCfg = Release|Any CPU
		{472EF585-9558-4BF1-A12B-7456247F2196}.AppStore|x64.Build.0 = Release|Any CPU
		{472EF585-9558-4BF1-A12B-7456247F2196}.AppStore|x64.Deploy.0 = Release|Any CPU
		{472EF585-9558-4BF1-A12B-7456247F2196}.AppStore|x86.ActiveCfg = Release|x86
		{472EF585-9558-4BF1-A12B-7456247F2196}.AppStore|x86.Build.0 = Release|x86
		{472EF585-9558-4BF1-A12B-7456247F2196}.AppStore|x86.Deploy.0 = Release|x86
		{472EF585-9558-4BF1-A12B-7456247F2196}.Debug|Any CPU.ActiveCfg = Debug|Any CPU
		{472EF585-9558-4BF1-A12B-7456247F2196}.Debug|Any CPU.Build.0 = Debug|Any CPU
		{472EF585-9558-4BF1-A12B-7456247F2196}.Debug|Any CPU.Deploy.0 = Debug|Any CPU
		{472EF585-9558-4BF1-A12B-7456247F2196}.Debug|ARM.ActiveCfg = Debug|ARM
		{472EF585-9558-4BF1-A12B-7456247F2196}.Debug|ARM.Build.0 = Debug|ARM
		{472EF585-9558-4BF1-A12B-7456247F2196}.Debug|ARM.Deploy.0 = Debug|ARM
		{472EF585-9558-4BF1-A12B-7456247F2196}.Debug|iPhone.ActiveCfg = Debug|Any CPU
		{472EF585-9558-4BF1-A12B-7456247F2196}.Debug|iPhone.Build.0 = Debug|Any CPU
		{472EF585-9558-4BF1-A12B-7456247F2196}.Debug|iPhone.Deploy.0 = Debug|Any CPU
		{472EF585-9558-4BF1-A12B-7456247F2196}.Debug|iPhoneSimulator.ActiveCfg = Debug|Any CPU
		{472EF585-9558-4BF1-A12B-7456247F2196}.Debug|iPhoneSimulator.Build.0 = Debug|Any CPU
		{472EF585-9558-4BF1-A12B-7456247F2196}.Debug|iPhoneSimulator.Deploy.0 = Debug|Any CPU
		{472EF585-9558-4BF1-A12B-7456247F2196}.Debug|x64.ActiveCfg = Debug|Any CPU
		{472EF585-9558-4BF1-A12B-7456247F2196}.Debug|x64.Build.0 = Debug|Any CPU
		{472EF585-9558-4BF1-A12B-7456247F2196}.Debug|x64.Deploy.0 = Debug|Any CPU
		{472EF585-9558-4BF1-A12B-7456247F2196}.Debug|x86.ActiveCfg = Debug|x86
		{472EF585-9558-4BF1-A12B-7456247F2196}.Debug|x86.Build.0 = Debug|x86
		{472EF585-9558-4BF1-A12B-7456247F2196}.Debug|x86.Deploy.0 = Debug|x86
		{472EF585-9558-4BF1-A12B-7456247F2196}.Release|Any CPU.ActiveCfg = Release|Any CPU
		{472EF585-9558-4BF1-A12B-7456247F2196}.Release|Any CPU.Build.0 = Release|Any CPU
		{472EF585-9558-4BF1-A12B-7456247F2196}.Release|Any CPU.Deploy.0 = Release|Any CPU
		{472EF585-9558-4BF1-A12B-7456247F2196}.Release|ARM.ActiveCfg = Release|ARM
		{472EF585-9558-4BF1-A12B-7456247F2196}.Release|ARM.Build.0 = Release|ARM
		{472EF585-9558-4BF1-A12B-7456247F2196}.Release|ARM.Deploy.0 = Release|ARM
		{472EF585-9558-4BF1-A12B-7456247F2196}.Release|iPhone.ActiveCfg = Release|Any CPU
		{472EF585-9558-4BF1-A12B-7456247F2196}.Release|iPhone.Build.0 = Release|Any CPU
		{472EF585-9558-4BF1-A12B-7456247F2196}.Release|iPhone.Deploy.0 = Release|Any CPU
		{472EF585-9558-4BF1-A12B-7456247F2196}.Release|iPhoneSimulator.ActiveCfg = Release|Any CPU
		{472EF585-9558-4BF1-A12B-7456247F2196}.Release|iPhoneSimulator.Build.0 = Release|Any CPU
		{472EF585-9558-4BF1-A12B-7456247F2196}.Release|iPhoneSimulator.Deploy.0 = Release|Any CPU
		{472EF585-9558-4BF1-A12B-7456247F2196}.Release|x64.ActiveCfg = Release|Any CPU
		{472EF585-9558-4BF1-A12B-7456247F2196}.Release|x64.Build.0 = Release|Any CPU
		{472EF585-9558-4BF1-A12B-7456247F2196}.Release|x64.Deploy.0 = Release|Any CPU
		{472EF585-9558-4BF1-A12B-7456247F2196}.Release|x86.ActiveCfg = Release|x86
		{472EF585-9558-4BF1-A12B-7456247F2196}.Release|x86.Build.0 = Release|x86
		{472EF585-9558-4BF1-A12B-7456247F2196}.Release|x86.Deploy.0 = Release|x86
		{5D97F332-AC1D-423F-A9E9-DE0AC3F45F4C}.Ad-Hoc|Any CPU.ActiveCfg = Release|x86
		{5D97F332-AC1D-423F-A9E9-DE0AC3F45F4C}.Ad-Hoc|Any CPU.Build.0 = Release|x86
		{5D97F332-AC1D-423F-A9E9-DE0AC3F45F4C}.Ad-Hoc|Any CPU.Deploy.0 = Release|x86
		{5D97F332-AC1D-423F-A9E9-DE0AC3F45F4C}.Ad-Hoc|ARM.ActiveCfg = Release|ARM
		{5D97F332-AC1D-423F-A9E9-DE0AC3F45F4C}.Ad-Hoc|ARM.Build.0 = Release|ARM
		{5D97F332-AC1D-423F-A9E9-DE0AC3F45F4C}.Ad-Hoc|ARM.Deploy.0 = Release|ARM
		{5D97F332-AC1D-423F-A9E9-DE0AC3F45F4C}.Ad-Hoc|iPhone.ActiveCfg = Release|x86
		{5D97F332-AC1D-423F-A9E9-DE0AC3F45F4C}.Ad-Hoc|iPhone.Build.0 = Release|x86
		{5D97F332-AC1D-423F-A9E9-DE0AC3F45F4C}.Ad-Hoc|iPhone.Deploy.0 = Release|x86
		{5D97F332-AC1D-423F-A9E9-DE0AC3F45F4C}.Ad-Hoc|iPhoneSimulator.ActiveCfg = Release|x86
		{5D97F332-AC1D-423F-A9E9-DE0AC3F45F4C}.Ad-Hoc|iPhoneSimulator.Build.0 = Release|x86
		{5D97F332-AC1D-423F-A9E9-DE0AC3F45F4C}.Ad-Hoc|iPhoneSimulator.Deploy.0 = Release|x86
		{5D97F332-AC1D-423F-A9E9-DE0AC3F45F4C}.Ad-Hoc|x64.ActiveCfg = Release|x64
		{5D97F332-AC1D-423F-A9E9-DE0AC3F45F4C}.Ad-Hoc|x64.Build.0 = Release|x64
		{5D97F332-AC1D-423F-A9E9-DE0AC3F45F4C}.Ad-Hoc|x64.Deploy.0 = Release|x64
		{5D97F332-AC1D-423F-A9E9-DE0AC3F45F4C}.Ad-Hoc|x86.ActiveCfg = Release|x86
		{5D97F332-AC1D-423F-A9E9-DE0AC3F45F4C}.Ad-Hoc|x86.Build.0 = Release|x86
		{5D97F332-AC1D-423F-A9E9-DE0AC3F45F4C}.Ad-Hoc|x86.Deploy.0 = Release|x86
		{5D97F332-AC1D-423F-A9E9-DE0AC3F45F4C}.AppStore|Any CPU.ActiveCfg = Release|x86
		{5D97F332-AC1D-423F-A9E9-DE0AC3F45F4C}.AppStore|Any CPU.Build.0 = Release|x86
		{5D97F332-AC1D-423F-A9E9-DE0AC3F45F4C}.AppStore|Any CPU.Deploy.0 = Release|x86
		{5D97F332-AC1D-423F-A9E9-DE0AC3F45F4C}.AppStore|ARM.ActiveCfg = Release|ARM
		{5D97F332-AC1D-423F-A9E9-DE0AC3F45F4C}.AppStore|ARM.Build.0 = Release|ARM
		{5D97F332-AC1D-423F-A9E9-DE0AC3F45F4C}.AppStore|ARM.Deploy.0 = Release|ARM
		{5D97F332-AC1D-423F-A9E9-DE0AC3F45F4C}.AppStore|iPhone.ActiveCfg = Release|x86
		{5D97F332-AC1D-423F-A9E9-DE0AC3F45F4C}.AppStore|iPhone.Build.0 = Release|x86
		{5D97F332-AC1D-423F-A9E9-DE0AC3F45F4C}.AppStore|iPhone.Deploy.0 = Release|x86
		{5D97F332-AC1D-423F-A9E9-DE0AC3F45F4C}.AppStore|iPhoneSimulator.ActiveCfg = Release|x86
		{5D97F332-AC1D-423F-A9E9-DE0AC3F45F4C}.AppStore|iPhoneSimulator.Build.0 = Release|x86
		{5D97F332-AC1D-423F-A9E9-DE0AC3F45F4C}.AppStore|iPhoneSimulator.Deploy.0 = Release|x86
		{5D97F332-AC1D-423F-A9E9-DE0AC3F45F4C}.AppStore|x64.ActiveCfg = Release|x64
		{5D97F332-AC1D-423F-A9E9-DE0AC3F45F4C}.AppStore|x64.Build.0 = Release|x64
		{5D97F332-AC1D-423F-A9E9-DE0AC3F45F4C}.AppStore|x64.Deploy.0 = Release|x64
		{5D97F332-AC1D-423F-A9E9-DE0AC3F45F4C}.AppStore|x86.ActiveCfg = Release|x86
		{5D97F332-AC1D-423F-A9E9-DE0AC3F45F4C}.AppStore|x86.Build.0 = Release|x86
		{5D97F332-AC1D-423F-A9E9-DE0AC3F45F4C}.AppStore|x86.Deploy.0 = Release|x86
		{5D97F332-AC1D-423F-A9E9-DE0AC3F45F4C}.Debug|Any CPU.ActiveCfg = Debug|x86
		{5D97F332-AC1D-423F-A9E9-DE0AC3F45F4C}.Debug|ARM.ActiveCfg = Debug|ARM
		{5D97F332-AC1D-423F-A9E9-DE0AC3F45F4C}.Debug|ARM.Build.0 = Debug|ARM
		{5D97F332-AC1D-423F-A9E9-DE0AC3F45F4C}.Debug|ARM.Deploy.0 = Debug|ARM
		{5D97F332-AC1D-423F-A9E9-DE0AC3F45F4C}.Debug|iPhone.ActiveCfg = Debug|x86
		{5D97F332-AC1D-423F-A9E9-DE0AC3F45F4C}.Debug|iPhoneSimulator.ActiveCfg = Debug|x86
		{5D97F332-AC1D-423F-A9E9-DE0AC3F45F4C}.Debug|x64.ActiveCfg = Debug|x64
		{5D97F332-AC1D-423F-A9E9-DE0AC3F45F4C}.Debug|x64.Build.0 = Debug|x64
		{5D97F332-AC1D-423F-A9E9-DE0AC3F45F4C}.Debug|x64.Deploy.0 = Debug|x64
		{5D97F332-AC1D-423F-A9E9-DE0AC3F45F4C}.Debug|x86.ActiveCfg = Debug|x86
		{5D97F332-AC1D-423F-A9E9-DE0AC3F45F4C}.Debug|x86.Build.0 = Debug|x86
		{5D97F332-AC1D-423F-A9E9-DE0AC3F45F4C}.Debug|x86.Deploy.0 = Debug|x86
		{5D97F332-AC1D-423F-A9E9-DE0AC3F45F4C}.Release|Any CPU.ActiveCfg = Release|x86
		{5D97F332-AC1D-423F-A9E9-DE0AC3F45F4C}.Release|ARM.ActiveCfg = Release|ARM
		{5D97F332-AC1D-423F-A9E9-DE0AC3F45F4C}.Release|ARM.Build.0 = Release|ARM
		{5D97F332-AC1D-423F-A9E9-DE0AC3F45F4C}.Release|ARM.Deploy.0 = Release|ARM
		{5D97F332-AC1D-423F-A9E9-DE0AC3F45F4C}.Release|iPhone.ActiveCfg = Release|x86
		{5D97F332-AC1D-423F-A9E9-DE0AC3F45F4C}.Release|iPhoneSimulator.ActiveCfg = Release|x86
		{5D97F332-AC1D-423F-A9E9-DE0AC3F45F4C}.Release|x64.ActiveCfg = Release|x64
		{5D97F332-AC1D-423F-A9E9-DE0AC3F45F4C}.Release|x64.Build.0 = Release|x64
		{5D97F332-AC1D-423F-A9E9-DE0AC3F45F4C}.Release|x64.Deploy.0 = Release|x64
		{5D97F332-AC1D-423F-A9E9-DE0AC3F45F4C}.Release|x86.ActiveCfg = Release|x86
		{5D97F332-AC1D-423F-A9E9-DE0AC3F45F4C}.Release|x86.Build.0 = Release|x86
		{5D97F332-AC1D-423F-A9E9-DE0AC3F45F4C}.Release|x86.Deploy.0 = Release|x86
		{16BD15A0-BA53-4689-9652-4F8E12178855}.Ad-Hoc|Any CPU.ActiveCfg = Release|Any CPU
		{16BD15A0-BA53-4689-9652-4F8E12178855}.Ad-Hoc|Any CPU.Build.0 = Release|Any CPU
		{16BD15A0-BA53-4689-9652-4F8E12178855}.Ad-Hoc|Any CPU.Deploy.0 = Release|Any CPU
		{16BD15A0-BA53-4689-9652-4F8E12178855}.Ad-Hoc|ARM.ActiveCfg = Release|ARM
		{16BD15A0-BA53-4689-9652-4F8E12178855}.Ad-Hoc|ARM.Build.0 = Release|ARM
		{16BD15A0-BA53-4689-9652-4F8E12178855}.Ad-Hoc|ARM.Deploy.0 = Release|ARM
		{16BD15A0-BA53-4689-9652-4F8E12178855}.Ad-Hoc|iPhone.ActiveCfg = Release|Any CPU
		{16BD15A0-BA53-4689-9652-4F8E12178855}.Ad-Hoc|iPhone.Build.0 = Release|Any CPU
		{16BD15A0-BA53-4689-9652-4F8E12178855}.Ad-Hoc|iPhone.Deploy.0 = Release|Any CPU
		{16BD15A0-BA53-4689-9652-4F8E12178855}.Ad-Hoc|iPhoneSimulator.ActiveCfg = Release|Any CPU
		{16BD15A0-BA53-4689-9652-4F8E12178855}.Ad-Hoc|iPhoneSimulator.Build.0 = Release|Any CPU
		{16BD15A0-BA53-4689-9652-4F8E12178855}.Ad-Hoc|iPhoneSimulator.Deploy.0 = Release|Any CPU
		{16BD15A0-BA53-4689-9652-4F8E12178855}.Ad-Hoc|x64.ActiveCfg = Release|x64
		{16BD15A0-BA53-4689-9652-4F8E12178855}.Ad-Hoc|x64.Build.0 = Release|x64
		{16BD15A0-BA53-4689-9652-4F8E12178855}.Ad-Hoc|x64.Deploy.0 = Release|x64
		{16BD15A0-BA53-4689-9652-4F8E12178855}.Ad-Hoc|x86.ActiveCfg = Release|x86
		{16BD15A0-BA53-4689-9652-4F8E12178855}.Ad-Hoc|x86.Build.0 = Release|x86
		{16BD15A0-BA53-4689-9652-4F8E12178855}.Ad-Hoc|x86.Deploy.0 = Release|x86
		{16BD15A0-BA53-4689-9652-4F8E12178855}.AppStore|Any CPU.ActiveCfg = Release|Any CPU
		{16BD15A0-BA53-4689-9652-4F8E12178855}.AppStore|Any CPU.Build.0 = Release|Any CPU
		{16BD15A0-BA53-4689-9652-4F8E12178855}.AppStore|Any CPU.Deploy.0 = Release|Any CPU
		{16BD15A0-BA53-4689-9652-4F8E12178855}.AppStore|ARM.ActiveCfg = Release|ARM
		{16BD15A0-BA53-4689-9652-4F8E12178855}.AppStore|ARM.Build.0 = Release|ARM
		{16BD15A0-BA53-4689-9652-4F8E12178855}.AppStore|ARM.Deploy.0 = Release|ARM
		{16BD15A0-BA53-4689-9652-4F8E12178855}.AppStore|iPhone.ActiveCfg = Release|Any CPU
		{16BD15A0-BA53-4689-9652-4F8E12178855}.AppStore|iPhone.Build.0 = Release|Any CPU
		{16BD15A0-BA53-4689-9652-4F8E12178855}.AppStore|iPhone.Deploy.0 = Release|Any CPU
		{16BD15A0-BA53-4689-9652-4F8E12178855}.AppStore|iPhoneSimulator.ActiveCfg = Release|Any CPU
		{16BD15A0-BA53-4689-9652-4F8E12178855}.AppStore|iPhoneSimulator.Build.0 = Release|Any CPU
		{16BD15A0-BA53-4689-9652-4F8E12178855}.AppStore|iPhoneSimulator.Deploy.0 = Release|Any CPU
		{16BD15A0-BA53-4689-9652-4F8E12178855}.AppStore|x64.ActiveCfg = Release|x64
		{16BD15A0-BA53-4689-9652-4F8E12178855}.AppStore|x64.Build.0 = Release|x64
		{16BD15A0-BA53-4689-9652-4F8E12178855}.AppStore|x64.Deploy.0 = Release|x64
		{16BD15A0-BA53-4689-9652-4F8E12178855}.AppStore|x86.ActiveCfg = Release|x86
		{16BD15A0-BA53-4689-9652-4F8E12178855}.AppStore|x86.Build.0 = Release|x86
		{16BD15A0-BA53-4689-9652-4F8E12178855}.AppStore|x86.Deploy.0 = Release|x86
		{16BD15A0-BA53-4689-9652-4F8E12178855}.Debug|Any CPU.ActiveCfg = Debug|Any CPU
		{16BD15A0-BA53-4689-9652-4F8E12178855}.Debug|Any CPU.Build.0 = Debug|Any CPU
		{16BD15A0-BA53-4689-9652-4F8E12178855}.Debug|Any CPU.Deploy.0 = Debug|Any CPU
		{16BD15A0-BA53-4689-9652-4F8E12178855}.Debug|ARM.ActiveCfg = Debug|ARM
		{16BD15A0-BA53-4689-9652-4F8E12178855}.Debug|ARM.Build.0 = Debug|ARM
		{16BD15A0-BA53-4689-9652-4F8E12178855}.Debug|ARM.Deploy.0 = Debug|ARM
		{16BD15A0-BA53-4689-9652-4F8E12178855}.Debug|iPhone.ActiveCfg = Debug|Any CPU
		{16BD15A0-BA53-4689-9652-4F8E12178855}.Debug|iPhone.Build.0 = Debug|Any CPU
		{16BD15A0-BA53-4689-9652-4F8E12178855}.Debug|iPhone.Deploy.0 = Debug|Any CPU
		{16BD15A0-BA53-4689-9652-4F8E12178855}.Debug|iPhoneSimulator.ActiveCfg = Debug|Any CPU
		{16BD15A0-BA53-4689-9652-4F8E12178855}.Debug|iPhoneSimulator.Build.0 = Debug|Any CPU
		{16BD15A0-BA53-4689-9652-4F8E12178855}.Debug|iPhoneSimulator.Deploy.0 = Debug|Any CPU
		{16BD15A0-BA53-4689-9652-4F8E12178855}.Debug|x64.ActiveCfg = Debug|x64
		{16BD15A0-BA53-4689-9652-4F8E12178855}.Debug|x64.Build.0 = Debug|x64
		{16BD15A0-BA53-4689-9652-4F8E12178855}.Debug|x64.Deploy.0 = Debug|x64
		{16BD15A0-BA53-4689-9652-4F8E12178855}.Debug|x86.ActiveCfg = Debug|x86
		{16BD15A0-BA53-4689-9652-4F8E12178855}.Debug|x86.Build.0 = Debug|x86
		{16BD15A0-BA53-4689-9652-4F8E12178855}.Debug|x86.Deploy.0 = Debug|x86
		{16BD15A0-BA53-4689-9652-4F8E12178855}.Release|Any CPU.ActiveCfg = Release|Any CPU
		{16BD15A0-BA53-4689-9652-4F8E12178855}.Release|Any CPU.Build.0 = Release|Any CPU
		{16BD15A0-BA53-4689-9652-4F8E12178855}.Release|Any CPU.Deploy.0 = Release|Any CPU
		{16BD15A0-BA53-4689-9652-4F8E12178855}.Release|ARM.ActiveCfg = Release|ARM
		{16BD15A0-BA53-4689-9652-4F8E12178855}.Release|ARM.Build.0 = Release|ARM
		{16BD15A0-BA53-4689-9652-4F8E12178855}.Release|ARM.Deploy.0 = Release|ARM
		{16BD15A0-BA53-4689-9652-4F8E12178855}.Release|iPhone.ActiveCfg = Release|Any CPU
		{16BD15A0-BA53-4689-9652-4F8E12178855}.Release|iPhone.Build.0 = Release|Any CPU
		{16BD15A0-BA53-4689-9652-4F8E12178855}.Release|iPhone.Deploy.0 = Release|Any CPU
		{16BD15A0-BA53-4689-9652-4F8E12178855}.Release|iPhoneSimulator.ActiveCfg = Release|Any CPU
		{16BD15A0-BA53-4689-9652-4F8E12178855}.Release|iPhoneSimulator.Build.0 = Release|Any CPU
		{16BD15A0-BA53-4689-9652-4F8E12178855}.Release|iPhoneSimulator.Deploy.0 = Release|Any CPU
		{16BD15A0-BA53-4689-9652-4F8E12178855}.Release|x64.ActiveCfg = Release|x64
		{16BD15A0-BA53-4689-9652-4F8E12178855}.Release|x64.Build.0 = Release|x64
		{16BD15A0-BA53-4689-9652-4F8E12178855}.Release|x64.Deploy.0 = Release|x64
		{16BD15A0-BA53-4689-9652-4F8E12178855}.Release|x86.ActiveCfg = Release|x86
		{16BD15A0-BA53-4689-9652-4F8E12178855}.Release|x86.Build.0 = Release|x86
		{16BD15A0-BA53-4689-9652-4F8E12178855}.Release|x86.Deploy.0 = Release|x86
		{835B7FF9-43FB-401C-8C68-4D6449F19562}.Ad-Hoc|Any CPU.ActiveCfg = Release|Any CPU
		{835B7FF9-43FB-401C-8C68-4D6449F19562}.Ad-Hoc|Any CPU.Build.0 = Release|Any CPU
		{835B7FF9-43FB-401C-8C68-4D6449F19562}.Ad-Hoc|ARM.ActiveCfg = Release|Any CPU
		{835B7FF9-43FB-401C-8C68-4D6449F19562}.Ad-Hoc|ARM.Build.0 = Release|Any CPU
		{835B7FF9-43FB-401C-8C68-4D6449F19562}.Ad-Hoc|iPhone.ActiveCfg = Release|Any CPU
		{835B7FF9-43FB-401C-8C68-4D6449F19562}.Ad-Hoc|iPhone.Build.0 = Release|Any CPU
		{835B7FF9-43FB-401C-8C68-4D6449F19562}.Ad-Hoc|iPhoneSimulator.ActiveCfg = Release|Any CPU
		{835B7FF9-43FB-401C-8C68-4D6449F19562}.Ad-Hoc|iPhoneSimulator.Build.0 = Release|Any CPU
		{835B7FF9-43FB-401C-8C68-4D6449F19562}.Ad-Hoc|x64.ActiveCfg = Release|Any CPU
		{835B7FF9-43FB-401C-8C68-4D6449F19562}.Ad-Hoc|x64.Build.0 = Release|Any CPU
		{835B7FF9-43FB-401C-8C68-4D6449F19562}.Ad-Hoc|x86.ActiveCfg = Release|Any CPU
		{835B7FF9-43FB-401C-8C68-4D6449F19562}.Ad-Hoc|x86.Build.0 = Release|Any CPU
		{835B7FF9-43FB-401C-8C68-4D6449F19562}.AppStore|Any CPU.ActiveCfg = Release|Any CPU
		{835B7FF9-43FB-401C-8C68-4D6449F19562}.AppStore|Any CPU.Build.0 = Release|Any CPU
		{835B7FF9-43FB-401C-8C68-4D6449F19562}.AppStore|ARM.ActiveCfg = Release|Any CPU
		{835B7FF9-43FB-401C-8C68-4D6449F19562}.AppStore|ARM.Build.0 = Release|Any CPU
		{835B7FF9-43FB-401C-8C68-4D6449F19562}.AppStore|iPhone.ActiveCfg = Release|Any CPU
		{835B7FF9-43FB-401C-8C68-4D6449F19562}.AppStore|iPhone.Build.0 = Release|Any CPU
		{835B7FF9-43FB-401C-8C68-4D6449F19562}.AppStore|iPhoneSimulator.ActiveCfg = Release|Any CPU
		{835B7FF9-43FB-401C-8C68-4D6449F19562}.AppStore|iPhoneSimulator.Build.0 = Release|Any CPU
		{835B7FF9-43FB-401C-8C68-4D6449F19562}.AppStore|x64.ActiveCfg = Release|Any CPU
		{835B7FF9-43FB-401C-8C68-4D6449F19562}.AppStore|x64.Build.0 = Release|Any CPU
		{835B7FF9-43FB-401C-8C68-4D6449F19562}.AppStore|x86.ActiveCfg = Release|Any CPU
		{835B7FF9-43FB-401C-8C68-4D6449F19562}.AppStore|x86.Build.0 = Release|Any CPU
		{835B7FF9-43FB-401C-8C68-4D6449F19562}.Debug|Any CPU.ActiveCfg = Debug|Any CPU
		{835B7FF9-43FB-401C-8C68-4D6449F19562}.Debug|Any CPU.Build.0 = Debug|Any CPU
		{835B7FF9-43FB-401C-8C68-4D6449F19562}.Debug|ARM.ActiveCfg = Debug|Any CPU
		{835B7FF9-43FB-401C-8C68-4D6449F19562}.Debug|ARM.Build.0 = Debug|Any CPU
		{835B7FF9-43FB-401C-8C68-4D6449F19562}.Debug|iPhone.ActiveCfg = Debug|Any CPU
		{835B7FF9-43FB-401C-8C68-4D6449F19562}.Debug|iPhone.Build.0 = Debug|Any CPU
		{835B7FF9-43FB-401C-8C68-4D6449F19562}.Debug|iPhoneSimulator.ActiveCfg = Debug|Any CPU
		{835B7FF9-43FB-401C-8C68-4D6449F19562}.Debug|iPhoneSimulator.Build.0 = Debug|Any CPU
		{835B7FF9-43FB-401C-8C68-4D6449F19562}.Debug|x64.ActiveCfg = Debug|Any CPU
		{835B7FF9-43FB-401C-8C68-4D6449F19562}.Debug|x64.Build.0 = Debug|Any CPU
		{835B7FF9-43FB-401C-8C68-4D6449F19562}.Debug|x86.ActiveCfg = Debug|Any CPU
		{835B7FF9-43FB-401C-8C68-4D6449F19562}.Debug|x86.Build.0 = Debug|Any CPU
		{835B7FF9-43FB-401C-8C68-4D6449F19562}.Release|Any CPU.ActiveCfg = Release|Any CPU
		{835B7FF9-43FB-401C-8C68-4D6449F19562}.Release|Any CPU.Build.0 = Release|Any CPU
		{835B7FF9-43FB-401C-8C68-4D6449F19562}.Release|ARM.ActiveCfg = Release|Any CPU
		{835B7FF9-43FB-401C-8C68-4D6449F19562}.Release|ARM.Build.0 = Release|Any CPU
		{835B7FF9-43FB-401C-8C68-4D6449F19562}.Release|iPhone.ActiveCfg = Release|Any CPU
		{835B7FF9-43FB-401C-8C68-4D6449F19562}.Release|iPhone.Build.0 = Release|Any CPU
		{835B7FF9-43FB-401C-8C68-4D6449F19562}.Release|iPhoneSimulator.ActiveCfg = Release|Any CPU
		{835B7FF9-43FB-401C-8C68-4D6449F19562}.Release|iPhoneSimulator.Build.0 = Release|Any CPU
		{835B7FF9-43FB-401C-8C68-4D6449F19562}.Release|x64.ActiveCfg = Release|Any CPU
		{835B7FF9-43FB-401C-8C68-4D6449F19562}.Release|x64.Build.0 = Release|Any CPU
		{835B7FF9-43FB-401C-8C68-4D6449F19562}.Release|x86.ActiveCfg = Release|Any CPU
		{835B7FF9-43FB-401C-8C68-4D6449F19562}.Release|x86.Build.0 = Release|Any CPU
	EndGlobalSection
	GlobalSection(SolutionProperties) = preSolution
		HideSolutionNode = FALSE
	EndGlobalSection
EndGlobal
